
Microsoft Visual Studio Solution File, Format Version 12.00
# Visual Studio Version 17
VisualStudioVersion = 17.0.31903.59
MinimumVisualStudioVersion = 10.0.40219.1
Project("{FAE04EC0-301F-11D3-BF4B-00C04F79EFBC}") = "UI", "UI\UI.csproj", "{4DB6151D-A589-46A4-90AB-47B15907DCDA}"
EndProject
Global
	GlobalSection(SolutionConfigurationPlatforms) = preSolution
		Debug|Any CPU = Debug|Any CPU
		Release|Any CPU = Release|Any CPU
	EndGlobalSection
	GlobalSection(SolutionProperties) = preSolution
		HideSolutionNode = FALSE
	EndGlobalSection
	GlobalSection(ProjectConfigurationPlatforms) = postSolution
		{4DB6151D-A589-46A4-90AB-47B15907DCDA}.Debug|Any CPU.ActiveCfg = Debug|Any CPU
		{4DB6151D-A589-46A4-90AB-47B15907DCDA}.Debug|Any CPU.Build.0 = Debug|Any CPU
		{4DB6151D-A589-46A4-90AB-47B15907DCDA}.Release|Any CPU.ActiveCfg = Release|Any CPU
		{4DB6151D-A589-46A4-90AB-47B15907DCDA}.Release|Any CPU.Build.0 = Release|Any CPU
	EndGlobalSection
EndGlobal
